// !$*UTF8*$!
{
	archiveVersion = 1;
	classes = {
	};
	objectVersion = 56;
	objects = {

/* Begin PBXBuildFile section */
		D25484E52D23B81600BB3CC4 /* CTAButton.swift in Sources */ = {isa = PBXBuildFile; fileRef = D25484E42D23B80A00BB3CC4 /* CTAButton.swift */; };
		D260F14B296D559B00F64EDA /* CardGridView.swift in Sources */ = {isa = PBXBuildFile; fileRef = D260F14A296D559B00F64EDA /* CardGridView.swift */; };
		D260F154296D80CC00F64EDA /* ArrayExtensions.swift in Sources */ = {isa = PBXBuildFile; fileRef = D260F153296D80CC00F64EDA /* ArrayExtensions.swift */; };
		D260F156296D89EB00F64EDA /* IntExtensions.swift in Sources */ = {isa = PBXBuildFile; fileRef = D260F155296D89EB00F64EDA /* IntExtensions.swift */; };
		D26454452963F94D00C1B85D /* Note.swift in Sources */ = {isa = PBXBuildFile; fileRef = D26454442963F94D00C1B85D /* Note.swift */; };
		D26454472963FC8500C1B85D /* Card.swift in Sources */ = {isa = PBXBuildFile; fileRef = D26454462963FC8500C1B85D /* Card.swift */; };
		D264544D2964158500C1B85D /* NoteCardContent.swift in Sources */ = {isa = PBXBuildFile; fileRef = D264544C2964158500C1B85D /* NoteCardContent.swift */; };
		D26454542964253B00C1B85D /* CardCollectionType.swift in Sources */ = {isa = PBXBuildFile; fileRef = D26454532964253B00C1B85D /* CardCollectionType.swift */; };
		D264545B29642F9C00C1B85D /* MusicCardGenerator.swift in Sources */ = {isa = PBXBuildFile; fileRef = D264545A29642F9C00C1B85D /* MusicCardGenerator.swift */; };
		D27475D6298287FF002712FC /* AudioViewable.swift in Sources */ = {isa = PBXBuildFile; fileRef = D27475D5298287FF002712FC /* AudioViewable.swift */; };
		D27475DB2982A586002712FC /* NotePlayerDictionaryGenerator.swift in Sources */ = {isa = PBXBuildFile; fileRef = D27475DA2982A586002712FC /* NotePlayerDictionaryGenerator.swift */; };
		D275EAC929791F8500DA96D6 /* AudioMiddleware.swift in Sources */ = {isa = PBXBuildFile; fileRef = D275EAC829791F8500DA96D6 /* AudioMiddleware.swift */; };
		D27EE0AA29697A02000E6FE4 /* CardFrontContentView.swift in Sources */ = {isa = PBXBuildFile; fileRef = D27EE0A929697A02000E6FE4 /* CardFrontContentView.swift */; };
		D27EE0AC29697A13000E6FE4 /* CardBackContentView.swift in Sources */ = {isa = PBXBuildFile; fileRef = D27EE0AB29697A13000E6FE4 /* CardBackContentView.swift */; };
		D2B1B7882978DF6000EA868B /* G4.mp3 in Resources */ = {isa = PBXBuildFile; fileRef = D2B1B7802978DF6000EA868B /* G4.mp3 */; };
		D2B1B7892978DF6000EA868B /* F4.mp3 in Resources */ = {isa = PBXBuildFile; fileRef = D2B1B7812978DF6000EA868B /* F4.mp3 */; };
		D2B1B78A2978DF6000EA868B /* C5.mp3 in Resources */ = {isa = PBXBuildFile; fileRef = D2B1B7822978DF6000EA868B /* C5.mp3 */; };
		D2B1B78B2978DF6000EA868B /* E4.mp3 in Resources */ = {isa = PBXBuildFile; fileRef = D2B1B7832978DF6000EA868B /* E4.mp3 */; };
		D2B1B78C2978DF6000EA868B /* B4.mp3 in Resources */ = {isa = PBXBuildFile; fileRef = D2B1B7842978DF6000EA868B /* B4.mp3 */; };
		D2B1B78D2978DF6000EA868B /* D4.mp3 in Resources */ = {isa = PBXBuildFile; fileRef = D2B1B7852978DF6000EA868B /* D4.mp3 */; };
		D2B1B78E2978DF6000EA868B /* C4.mp3 in Resources */ = {isa = PBXBuildFile; fileRef = D2B1B7862978DF6000EA868B /* C4.mp3 */; };
		D2B1B78F2978DF6000EA868B /* A4.mp3 in Resources */ = {isa = PBXBuildFile; fileRef = D2B1B7872978DF6000EA868B /* A4.mp3 */; };
		D2E16D692960269E00A5A6D0 /* Music_MatcherApp.swift in Sources */ = {isa = PBXBuildFile; fileRef = D2E16D682960269E00A5A6D0 /* Music_MatcherApp.swift */; };
		D2E16D6B2960269E00A5A6D0 /* ContentView.swift in Sources */ = {isa = PBXBuildFile; fileRef = D2E16D6A2960269E00A5A6D0 /* ContentView.swift */; };
		D2E16D6D2960269F00A5A6D0 /* Assets.xcassets in Resources */ = {isa = PBXBuildFile; fileRef = D2E16D6C2960269F00A5A6D0 /* Assets.xcassets */; };
		D2E16D702960269F00A5A6D0 /* Preview Assets.xcassets in Resources */ = {isa = PBXBuildFile; fileRef = D2E16D6F2960269F00A5A6D0 /* Preview Assets.xcassets */; };
		D2E16D7A2960269F00A5A6D0 /* Music_MatcherTests.swift in Sources */ = {isa = PBXBuildFile; fileRef = D2E16D792960269F00A5A6D0 /* Music_MatcherTests.swift */; };
		D2E16D842960269F00A5A6D0 /* Music_MatcherUITests.swift in Sources */ = {isa = PBXBuildFile; fileRef = D2E16D832960269F00A5A6D0 /* Music_MatcherUITests.swift */; };
		D2E16D862960269F00A5A6D0 /* Music_MatcherUITestsLaunchTests.swift in Sources */ = {isa = PBXBuildFile; fileRef = D2E16D852960269F00A5A6D0 /* Music_MatcherUITestsLaunchTests.swift */; };
		D2E16D9429602CE900A5A6D0 /* State.swift in Sources */ = {isa = PBXBuildFile; fileRef = D2E16D9329602CE900A5A6D0 /* State.swift */; };
		D2E16D9729602D8D00A5A6D0 /* GameState.swift in Sources */ = {isa = PBXBuildFile; fileRef = D2E16D9629602D8D00A5A6D0 /* GameState.swift */; };
		D2E16D9929602E2A00A5A6D0 /* Store.swift in Sources */ = {isa = PBXBuildFile; fileRef = D2E16D9829602E2A00A5A6D0 /* Store.swift */; };
		D2E16D9C2960307500A5A6D0 /* TitleScreenView.swift in Sources */ = {isa = PBXBuildFile; fileRef = D2E16D9B2960307500A5A6D0 /* TitleScreenView.swift */; };
		D2E16D9E2960309B00A5A6D0 /* GameScreenView.swift in Sources */ = {isa = PBXBuildFile; fileRef = D2E16D9D2960309B00A5A6D0 /* GameScreenView.swift */; };
		D2E16DA0296030BB00A5A6D0 /* GameWinScreenView.swift in Sources */ = {isa = PBXBuildFile; fileRef = D2E16D9F296030BB00A5A6D0 /* GameWinScreenView.swift */; };
		D2E16DA22960322800A5A6D0 /* Actions.swift in Sources */ = {isa = PBXBuildFile; fileRef = D2E16DA12960322800A5A6D0 /* Actions.swift */; };
		D2E16DA42960336A00A5A6D0 /* Reducer.swift in Sources */ = {isa = PBXBuildFile; fileRef = D2E16DA32960336A00A5A6D0 /* Reducer.swift */; };
		D2F61B9C29777EFB0095CB39 /* CardView.swift in Sources */ = {isa = PBXBuildFile; fileRef = D2F61B9B29777EFB0095CB39 /* CardView.swift */; };
		D2F61B9F297794900095CB39 /* Middleware.swift in Sources */ = {isa = PBXBuildFile; fileRef = D2F61B9E297794900095CB39 /* Middleware.swift */; };
		D2F61BA1297795400095CB39 /* GameLogicMiddleware.swift in Sources */ = {isa = PBXBuildFile; fileRef = D2F61BA0297795400095CB39 /* GameLogicMiddleware.swift */; };
/* End PBXBuildFile section */

/* Begin PBXContainerItemProxy section */
		D2E16D762960269F00A5A6D0 /* PBXContainerItemProxy */ = {
			isa = PBXContainerItemProxy;
			containerPortal = D2E16D5D2960269E00A5A6D0 /* Project object */;
			proxyType = 1;
			remoteGlobalIDString = D2E16D642960269E00A5A6D0;
			remoteInfo = "Music Matcher";
		};
		D2E16D802960269F00A5A6D0 /* PBXContainerItemProxy */ = {
			isa = PBXContainerItemProxy;
			containerPortal = D2E16D5D2960269E00A5A6D0 /* Project object */;
			proxyType = 1;
			remoteGlobalIDString = D2E16D642960269E00A5A6D0;
			remoteInfo = "Music Matcher";
		};
/* End PBXContainerItemProxy section */

/* Begin PBXFileReference section */
		D25484E42D23B80A00BB3CC4 /* CTAButton.swift */ = {isa = PBXFileReference; lastKnownFileType = sourcecode.swift; path = CTAButton.swift; sourceTree = "<group>"; };
		D260F14A296D559B00F64EDA /* CardGridView.swift */ = {isa = PBXFileReference; lastKnownFileType = sourcecode.swift; path = CardGridView.swift; sourceTree = "<group>"; };
		D260F153296D80CC00F64EDA /* ArrayExtensions.swift */ = {isa = PBXFileReference; lastKnownFileType = sourcecode.swift; path = ArrayExtensions.swift; sourceTree = "<group>"; };
		D260F155296D89EB00F64EDA /* IntExtensions.swift */ = {isa = PBXFileReference; lastKnownFileType = sourcecode.swift; path = IntExtensions.swift; sourceTree = "<group>"; };
		D26454442963F94D00C1B85D /* Note.swift */ = {isa = PBXFileReference; lastKnownFileType = sourcecode.swift; path = Note.swift; sourceTree = "<group>"; };
		D26454462963FC8500C1B85D /* Card.swift */ = {isa = PBXFileReference; lastKnownFileType = sourcecode.swift; path = Card.swift; sourceTree = "<group>"; };
		D264544C2964158500C1B85D /* NoteCardContent.swift */ = {isa = PBXFileReference; lastKnownFileType = sourcecode.swift; path = NoteCardContent.swift; sourceTree = "<group>"; };
		D26454532964253B00C1B85D /* CardCollectionType.swift */ = {isa = PBXFileReference; fileEncoding = 4; lastKnownFileType = sourcecode.swift; path = CardCollectionType.swift; sourceTree = "<group>"; };
		D264545A29642F9C00C1B85D /* MusicCardGenerator.swift */ = {isa = PBXFileReference; lastKnownFileType = sourcecode.swift; path = MusicCardGenerator.swift; sourceTree = "<group>"; };
		D27475D5298287FF002712FC /* AudioViewable.swift */ = {isa = PBXFileReference; lastKnownFileType = sourcecode.swift; path = AudioViewable.swift; sourceTree = "<group>"; };
		D27475D92982A158002712FC /* Music-Matcher-Info.plist */ = {isa = PBXFileReference; lastKnownFileType = text.plist; path = "Music-Matcher-Info.plist"; sourceTree = SOURCE_ROOT; };
		D27475DA2982A586002712FC /* NotePlayerDictionaryGenerator.swift */ = {isa = PBXFileReference; fileEncoding = 4; lastKnownFileType = sourcecode.swift; path = NotePlayerDictionaryGenerator.swift; sourceTree = "<group>"; };
		D275EAC829791F8500DA96D6 /* AudioMiddleware.swift */ = {isa = PBXFileReference; lastKnownFileType = sourcecode.swift; path = AudioMiddleware.swift; sourceTree = "<group>"; };
		D27EE0A929697A02000E6FE4 /* CardFrontContentView.swift */ = {isa = PBXFileReference; lastKnownFileType = sourcecode.swift; path = CardFrontContentView.swift; sourceTree = "<group>"; };
		D27EE0AB29697A13000E6FE4 /* CardBackContentView.swift */ = {isa = PBXFileReference; lastKnownFileType = sourcecode.swift; path = CardBackContentView.swift; sourceTree = "<group>"; };
		D2B1B7802978DF6000EA868B /* G4.mp3 */ = {isa = PBXFileReference; lastKnownFileType = audio.mp3; path = G4.mp3; sourceTree = "<group>"; };
		D2B1B7812978DF6000EA868B /* F4.mp3 */ = {isa = PBXFileReference; lastKnownFileType = audio.mp3; path = F4.mp3; sourceTree = "<group>"; };
		D2B1B7822978DF6000EA868B /* C5.mp3 */ = {isa = PBXFileReference; lastKnownFileType = audio.mp3; path = C5.mp3; sourceTree = "<group>"; };
		D2B1B7832978DF6000EA868B /* E4.mp3 */ = {isa = PBXFileReference; lastKnownFileType = audio.mp3; path = E4.mp3; sourceTree = "<group>"; };
		D2B1B7842978DF6000EA868B /* B4.mp3 */ = {isa = PBXFileReference; lastKnownFileType = audio.mp3; path = B4.mp3; sourceTree = "<group>"; };
		D2B1B7852978DF6000EA868B /* D4.mp3 */ = {isa = PBXFileReference; lastKnownFileType = audio.mp3; path = D4.mp3; sourceTree = "<group>"; };
		D2B1B7862978DF6000EA868B /* C4.mp3 */ = {isa = PBXFileReference; lastKnownFileType = audio.mp3; path = C4.mp3; sourceTree = "<group>"; };
		D2B1B7872978DF6000EA868B /* A4.mp3 */ = {isa = PBXFileReference; lastKnownFileType = audio.mp3; path = A4.mp3; sourceTree = "<group>"; };
		D2E16D652960269E00A5A6D0 /* Music Matcher.app */ = {isa = PBXFileReference; explicitFileType = wrapper.application; includeInIndex = 0; path = "Music Matcher.app"; sourceTree = BUILT_PRODUCTS_DIR; };
		D2E16D682960269E00A5A6D0 /* Music_MatcherApp.swift */ = {isa = PBXFileReference; lastKnownFileType = sourcecode.swift; path = Music_MatcherApp.swift; sourceTree = "<group>"; };
		D2E16D6A2960269E00A5A6D0 /* ContentView.swift */ = {isa = PBXFileReference; lastKnownFileType = sourcecode.swift; path = ContentView.swift; sourceTree = "<group>"; };
		D2E16D6C2960269F00A5A6D0 /* Assets.xcassets */ = {isa = PBXFileReference; lastKnownFileType = folder.assetcatalog; path = Assets.xcassets; sourceTree = "<group>"; };
		D2E16D6F2960269F00A5A6D0 /* Preview Assets.xcassets */ = {isa = PBXFileReference; lastKnownFileType = folder.assetcatalog; path = "Preview Assets.xcassets"; sourceTree = "<group>"; };
		D2E16D752960269F00A5A6D0 /* Music MatcherTests.xctest */ = {isa = PBXFileReference; explicitFileType = wrapper.cfbundle; includeInIndex = 0; path = "Music MatcherTests.xctest"; sourceTree = BUILT_PRODUCTS_DIR; };
		D2E16D792960269F00A5A6D0 /* Music_MatcherTests.swift */ = {isa = PBXFileReference; lastKnownFileType = sourcecode.swift; path = Music_MatcherTests.swift; sourceTree = "<group>"; };
		D2E16D7F2960269F00A5A6D0 /* Music MatcherUITests.xctest */ = {isa = PBXFileReference; explicitFileType = wrapper.cfbundle; includeInIndex = 0; path = "Music MatcherUITests.xctest"; sourceTree = BUILT_PRODUCTS_DIR; };
		D2E16D832960269F00A5A6D0 /* Music_MatcherUITests.swift */ = {isa = PBXFileReference; lastKnownFileType = sourcecode.swift; path = Music_MatcherUITests.swift; sourceTree = "<group>"; };
		D2E16D852960269F00A5A6D0 /* Music_MatcherUITestsLaunchTests.swift */ = {isa = PBXFileReference; lastKnownFileType = sourcecode.swift; path = Music_MatcherUITestsLaunchTests.swift; sourceTree = "<group>"; };
		D2E16D9329602CE900A5A6D0 /* State.swift */ = {isa = PBXFileReference; lastKnownFileType = sourcecode.swift; path = State.swift; sourceTree = "<group>"; };
		D2E16D9629602D8D00A5A6D0 /* GameState.swift */ = {isa = PBXFileReference; lastKnownFileType = sourcecode.swift; path = GameState.swift; sourceTree = "<group>"; };
		D2E16D9829602E2A00A5A6D0 /* Store.swift */ = {isa = PBXFileReference; lastKnownFileType = sourcecode.swift; path = Store.swift; sourceTree = "<group>"; };
		D2E16D9B2960307500A5A6D0 /* TitleScreenView.swift */ = {isa = PBXFileReference; lastKnownFileType = sourcecode.swift; path = TitleScreenView.swift; sourceTree = "<group>"; };
		D2E16D9D2960309B00A5A6D0 /* GameScreenView.swift */ = {isa = PBXFileReference; lastKnownFileType = sourcecode.swift; path = GameScreenView.swift; sourceTree = "<group>"; };
		D2E16D9F296030BB00A5A6D0 /* GameWinScreenView.swift */ = {isa = PBXFileReference; lastKnownFileType = sourcecode.swift; path = GameWinScreenView.swift; sourceTree = "<group>"; };
		D2E16DA12960322800A5A6D0 /* Actions.swift */ = {isa = PBXFileReference; lastKnownFileType = sourcecode.swift; path = Actions.swift; sourceTree = "<group>"; };
		D2E16DA32960336A00A5A6D0 /* Reducer.swift */ = {isa = PBXFileReference; lastKnownFileType = sourcecode.swift; path = Reducer.swift; sourceTree = "<group>"; };
		D2F61B9B29777EFB0095CB39 /* CardView.swift */ = {isa = PBXFileReference; lastKnownFileType = sourcecode.swift; path = CardView.swift; sourceTree = "<group>"; };
		D2F61B9E297794900095CB39 /* Middleware.swift */ = {isa = PBXFileReference; lastKnownFileType = sourcecode.swift; path = Middleware.swift; sourceTree = "<group>"; };
		D2F61BA0297795400095CB39 /* GameLogicMiddleware.swift */ = {isa = PBXFileReference; lastKnownFileType = sourcecode.swift; path = GameLogicMiddleware.swift; sourceTree = "<group>"; };
/* End PBXFileReference section */

/* Begin PBXFrameworksBuildPhase section */
		D2E16D622960269E00A5A6D0 /* Frameworks */ = {
			isa = PBXFrameworksBuildPhase;
			buildActionMask = 2147483647;
			files = (
			);
			runOnlyForDeploymentPostprocessing = 0;
		};
		D2E16D722960269F00A5A6D0 /* Frameworks */ = {
			isa = PBXFrameworksBuildPhase;
			buildActionMask = 2147483647;
			files = (
			);
			runOnlyForDeploymentPostprocessing = 0;
		};
		D2E16D7C2960269F00A5A6D0 /* Frameworks */ = {
			isa = PBXFrameworksBuildPhase;
			buildActionMask = 2147483647;
			files = (
			);
			runOnlyForDeploymentPostprocessing = 0;
		};
/* End PBXFrameworksBuildPhase section */

/* Begin PBXGroup section */
		D260F152296D80C000F64EDA /* Extensions */ = {
			isa = PBXGroup;
			children = (
				D260F153296D80CC00F64EDA /* ArrayExtensions.swift */,
				D260F155296D89EB00F64EDA /* IntExtensions.swift */,
			);
			path = Extensions;
			sourceTree = "<group>";
		};
		D26454552964260400C1B85D /* Generator */ = {
			isa = PBXGroup;
			children = (
				D264545A29642F9C00C1B85D /* MusicCardGenerator.swift */,
				D27475DA2982A586002712FC /* NotePlayerDictionaryGenerator.swift */,
			);
			path = Generator;
			sourceTree = "<group>";
		};
		D2B1B77F2978DF1E00EA868B /* Assets */ = {
			isa = PBXGroup;
			children = (
				D2B1B7872978DF6000EA868B /* A4.mp3 */,
				D2B1B7842978DF6000EA868B /* B4.mp3 */,
				D2B1B7862978DF6000EA868B /* C4.mp3 */,
				D2B1B7822978DF6000EA868B /* C5.mp3 */,
				D2B1B7852978DF6000EA868B /* D4.mp3 */,
				D2B1B7832978DF6000EA868B /* E4.mp3 */,
				D2B1B7812978DF6000EA868B /* F4.mp3 */,
				D2B1B7802978DF6000EA868B /* G4.mp3 */,
				D2E16D6C2960269F00A5A6D0 /* Assets.xcassets */,
			);
			path = Assets;
			sourceTree = "<group>";
		};
		D2E16D5C2960269E00A5A6D0 = {
			isa = PBXGroup;
			children = (
				D2E16D672960269E00A5A6D0 /* Music Matcher */,
				D2E16D782960269F00A5A6D0 /* Music MatcherTests */,
				D2E16D822960269F00A5A6D0 /* Music MatcherUITests */,
				D2E16D662960269E00A5A6D0 /* Products */,
			);
			sourceTree = "<group>";
		};
		D2E16D662960269E00A5A6D0 /* Products */ = {
			isa = PBXGroup;
			children = (
				D2E16D652960269E00A5A6D0 /* Music Matcher.app */,
				D2E16D752960269F00A5A6D0 /* Music MatcherTests.xctest */,
				D2E16D7F2960269F00A5A6D0 /* Music MatcherUITests.xctest */,
			);
			name = Products;
			sourceTree = "<group>";
		};
		D2E16D672960269E00A5A6D0 /* Music Matcher */ = {
			isa = PBXGroup;
			children = (
				D27475D92982A158002712FC /* Music-Matcher-Info.plist */,
				D260F152296D80C000F64EDA /* Extensions */,
				D26454552964260400C1B85D /* Generator */,
				D2E16D9A2960305900A5A6D0 /* View */,
				D2E16D9529602D7E00A5A6D0 /* Model */,
				D2E16D9229602A3E00A5A6D0 /* State */,
				D2E16D682960269E00A5A6D0 /* Music_MatcherApp.swift */,
				D2B1B77F2978DF1E00EA868B /* Assets */,
				D2E16D6E2960269F00A5A6D0 /* Preview Content */,
			);
			path = "Music Matcher";
			sourceTree = "<group>";
		};
		D2E16D6E2960269F00A5A6D0 /* Preview Content */ = {
			isa = PBXGroup;
			children = (
				D2E16D6F2960269F00A5A6D0 /* Preview Assets.xcassets */,
			);
			path = "Preview Content";
			sourceTree = "<group>";
		};
		D2E16D782960269F00A5A6D0 /* Music MatcherTests */ = {
			isa = PBXGroup;
			children = (
				D2E16D792960269F00A5A6D0 /* Music_MatcherTests.swift */,
			);
			path = "Music MatcherTests";
			sourceTree = "<group>";
		};
		D2E16D822960269F00A5A6D0 /* Music MatcherUITests */ = {
			isa = PBXGroup;
			children = (
				D2E16D832960269F00A5A6D0 /* Music_MatcherUITests.swift */,
				D2E16D852960269F00A5A6D0 /* Music_MatcherUITestsLaunchTests.swift */,
			);
			path = "Music MatcherUITests";
			sourceTree = "<group>";
		};
		D2E16D9229602A3E00A5A6D0 /* State */ = {
			isa = PBXGroup;
			children = (
				D2E16D9329602CE900A5A6D0 /* State.swift */,
				D2E16D9829602E2A00A5A6D0 /* Store.swift */,
				D2E16DA12960322800A5A6D0 /* Actions.swift */,
				D2E16DA32960336A00A5A6D0 /* Reducer.swift */,
				D2F61B9E297794900095CB39 /* Middleware.swift */,
				D2F61BA0297795400095CB39 /* GameLogicMiddleware.swift */,
				D275EAC829791F8500DA96D6 /* AudioMiddleware.swift */,
			);
			path = State;
			sourceTree = "<group>";
		};
		D2E16D9529602D7E00A5A6D0 /* Model */ = {
			isa = PBXGroup;
			children = (
				D2E16D9629602D8D00A5A6D0 /* GameState.swift */,
				D26454442963F94D00C1B85D /* Note.swift */,
				D26454462963FC8500C1B85D /* Card.swift */,
				D26454532964253B00C1B85D /* CardCollectionType.swift */,
				D27475D5298287FF002712FC /* AudioViewable.swift */,
			);
			path = Model;
			sourceTree = "<group>";
		};
		D2E16D9A2960305900A5A6D0 /* View */ = {
			isa = PBXGroup;
			children = (
				D25484E42D23B80A00BB3CC4 /* CTAButton.swift */,
				D2E16D6A2960269E00A5A6D0 /* ContentView.swift */,
				D2E16D9B2960307500A5A6D0 /* TitleScreenView.swift */,
				D2E16D9D2960309B00A5A6D0 /* GameScreenView.swift */,
				D2E16D9F296030BB00A5A6D0 /* GameWinScreenView.swift */,
				D27EE0A929697A02000E6FE4 /* CardFrontContentView.swift */,
				D27EE0AB29697A13000E6FE4 /* CardBackContentView.swift */,
				D260F14A296D559B00F64EDA /* CardGridView.swift */,
				D2F61B9B29777EFB0095CB39 /* CardView.swift */,
				D264544C2964158500C1B85D /* NoteCardContent.swift */,
			);
			path = View;
			sourceTree = "<group>";
		};
/* End PBXGroup section */

/* Begin PBXNativeTarget section */
		D2E16D642960269E00A5A6D0 /* Music Matcher */ = {
			isa = PBXNativeTarget;
			buildConfigurationList = D2E16D892960269F00A5A6D0 /* Build configuration list for PBXNativeTarget "Music Matcher" */;
			buildPhases = (
				D2E16D612960269E00A5A6D0 /* Sources */,
				D2E16D622960269E00A5A6D0 /* Frameworks */,
				D2E16D632960269E00A5A6D0 /* Resources */,
			);
			buildRules = (
			);
			dependencies = (
			);
			name = "Music Matcher";
			productName = "Music Matcher";
			productReference = D2E16D652960269E00A5A6D0 /* Music Matcher.app */;
			productType = "com.apple.product-type.application";
		};
		D2E16D742960269F00A5A6D0 /* Music MatcherTests */ = {
			isa = PBXNativeTarget;
			buildConfigurationList = D2E16D8C2960269F00A5A6D0 /* Build configuration list for PBXNativeTarget "Music MatcherTests" */;
			buildPhases = (
				D2E16D712960269F00A5A6D0 /* Sources */,
				D2E16D722960269F00A5A6D0 /* Frameworks */,
				D2E16D732960269F00A5A6D0 /* Resources */,
			);
			buildRules = (
			);
			dependencies = (
				D2E16D772960269F00A5A6D0 /* PBXTargetDependency */,
			);
			name = "Music MatcherTests";
			productName = "Music MatcherTests";
			productReference = D2E16D752960269F00A5A6D0 /* Music MatcherTests.xctest */;
			productType = "com.apple.product-type.bundle.unit-test";
		};
		D2E16D7E2960269F00A5A6D0 /* Music MatcherUITests */ = {
			isa = PBXNativeTarget;
			buildConfigurationList = D2E16D8F2960269F00A5A6D0 /* Build configuration list for PBXNativeTarget "Music MatcherUITests" */;
			buildPhases = (
				D2E16D7B2960269F00A5A6D0 /* Sources */,
				D2E16D7C2960269F00A5A6D0 /* Frameworks */,
				D2E16D7D2960269F00A5A6D0 /* Resources */,
			);
			buildRules = (
			);
			dependencies = (
				D2E16D812960269F00A5A6D0 /* PBXTargetDependency */,
			);
			name = "Music MatcherUITests";
			productName = "Music MatcherUITests";
			productReference = D2E16D7F2960269F00A5A6D0 /* Music MatcherUITests.xctest */;
			productType = "com.apple.product-type.bundle.ui-testing";
		};
/* End PBXNativeTarget section */

/* Begin PBXProject section */
		D2E16D5D2960269E00A5A6D0 /* Project object */ = {
			isa = PBXProject;
			attributes = {
				BuildIndependentTargetsInParallel = 1;
				LastSwiftUpdateCheck = 1420;
				LastUpgradeCheck = 1540;
				TargetAttributes = {
					D2E16D642960269E00A5A6D0 = {
						CreatedOnToolsVersion = 14.2;
					};
					D2E16D742960269F00A5A6D0 = {
						CreatedOnToolsVersion = 14.2;
						TestTargetID = D2E16D642960269E00A5A6D0;
					};
					D2E16D7E2960269F00A5A6D0 = {
						CreatedOnToolsVersion = 14.2;
						TestTargetID = D2E16D642960269E00A5A6D0;
					};
				};
			};
			buildConfigurationList = D2E16D602960269E00A5A6D0 /* Build configuration list for PBXProject "Music Matcher" */;
			compatibilityVersion = "Xcode 14.0";
			developmentRegion = en;
			hasScannedForEncodings = 0;
			knownRegions = (
				en,
				Base,
			);
			mainGroup = D2E16D5C2960269E00A5A6D0;
			productRefGroup = D2E16D662960269E00A5A6D0 /* Products */;
			projectDirPath = "";
			projectRoot = "";
			targets = (
				D2E16D642960269E00A5A6D0 /* Music Matcher */,
				D2E16D742960269F00A5A6D0 /* Music MatcherTests */,
				D2E16D7E2960269F00A5A6D0 /* Music MatcherUITests */,
			);
		};
/* End PBXProject section */

/* Begin PBXResourcesBuildPhase section */
		D2E16D632960269E00A5A6D0 /* Resources */ = {
			isa = PBXResourcesBuildPhase;
			buildActionMask = 2147483647;
			files = (
				D2B1B78A2978DF6000EA868B /* C5.mp3 in Resources */,
				D2B1B78E2978DF6000EA868B /* C4.mp3 in Resources */,
				D2E16D702960269F00A5A6D0 /* Preview Assets.xcassets in Resources */,
				D2E16D6D2960269F00A5A6D0 /* Assets.xcassets in Resources */,
				D2B1B78B2978DF6000EA868B /* E4.mp3 in Resources */,
				D2B1B78F2978DF6000EA868B /* A4.mp3 in Resources */,
				D2B1B78D2978DF6000EA868B /* D4.mp3 in Resources */,
				D2B1B78C2978DF6000EA868B /* B4.mp3 in Resources */,
				D2B1B7892978DF6000EA868B /* F4.mp3 in Resources */,
				D2B1B7882978DF6000EA868B /* G4.mp3 in Resources */,
			);
			runOnlyForDeploymentPostprocessing = 0;
		};
		D2E16D732960269F00A5A6D0 /* Resources */ = {
			isa = PBXResourcesBuildPhase;
			buildActionMask = 2147483647;
			files = (
			);
			runOnlyForDeploymentPostprocessing = 0;
		};
		D2E16D7D2960269F00A5A6D0 /* Resources */ = {
			isa = PBXResourcesBuildPhase;
			buildActionMask = 2147483647;
			files = (
			);
			runOnlyForDeploymentPostprocessing = 0;
		};
/* End PBXResourcesBuildPhase section */

/* Begin PBXSourcesBuildPhase section */
		D2E16D612960269E00A5A6D0 /* Sources */ = {
			isa = PBXSourcesBuildPhase;
			buildActionMask = 2147483647;
			files = (
				D2E16D9929602E2A00A5A6D0 /* Store.swift in Sources */,
				D264545B29642F9C00C1B85D /* MusicCardGenerator.swift in Sources */,
				D25484E52D23B81600BB3CC4 /* CTAButton.swift in Sources */,
				D260F154296D80CC00F64EDA /* ArrayExtensions.swift in Sources */,
				D2E16D9C2960307500A5A6D0 /* TitleScreenView.swift in Sources */,
				D2E16D9E2960309B00A5A6D0 /* GameScreenView.swift in Sources */,
				D260F156296D89EB00F64EDA /* IntExtensions.swift in Sources */,
				D2E16D6B2960269E00A5A6D0 /* ContentView.swift in Sources */,
				D2F61B9C29777EFB0095CB39 /* CardView.swift in Sources */,
				D275EAC929791F8500DA96D6 /* AudioMiddleware.swift in Sources */,
				D26454472963FC8500C1B85D /* Card.swift in Sources */,
				D26454542964253B00C1B85D /* CardCollectionType.swift in Sources */,
				D264544D2964158500C1B85D /* NoteCardContent.swift in Sources */,
				D260F14B296D559B00F64EDA /* CardGridView.swift in Sources */,
				D2E16D9729602D8D00A5A6D0 /* GameState.swift in Sources */,
				D27475DB2982A586002712FC /* NotePlayerDictionaryGenerator.swift in Sources */,
				D2F61B9F297794900095CB39 /* Middleware.swift in Sources */,
				D2E16DA0296030BB00A5A6D0 /* GameWinScreenView.swift in Sources */,
				D2E16DA22960322800A5A6D0 /* Actions.swift in Sources */,
				D2F61BA1297795400095CB39 /* GameLogicMiddleware.swift in Sources */,
				D2E16D692960269E00A5A6D0 /* Music_MatcherApp.swift in Sources */,
				D2E16DA42960336A00A5A6D0 /* Reducer.swift in Sources */,
				D2E16D9429602CE900A5A6D0 /* State.swift in Sources */,
				D27EE0AA29697A02000E6FE4 /* CardFrontContentView.swift in Sources */,
				D27475D6298287FF002712FC /* AudioViewable.swift in Sources */,
				D27EE0AC29697A13000E6FE4 /* CardBackContentView.swift in Sources */,
				D26454452963F94D00C1B85D /* Note.swift in Sources */,
			);
			runOnlyForDeploymentPostprocessing = 0;
		};
		D2E16D712960269F00A5A6D0 /* Sources */ = {
			isa = PBXSourcesBuildPhase;
			buildActionMask = 2147483647;
			files = (
				D2E16D7A2960269F00A5A6D0 /* Music_MatcherTests.swift in Sources */,
			);
			runOnlyForDeploymentPostprocessing = 0;
		};
		D2E16D7B2960269F00A5A6D0 /* Sources */ = {
			isa = PBXSourcesBuildPhase;
			buildActionMask = 2147483647;
			files = (
				D2E16D842960269F00A5A6D0 /* Music_MatcherUITests.swift in Sources */,
				D2E16D862960269F00A5A6D0 /* Music_MatcherUITestsLaunchTests.swift in Sources */,
			);
			runOnlyForDeploymentPostprocessing = 0;
		};
/* End PBXSourcesBuildPhase section */

/* Begin PBXTargetDependency section */
		D2E16D772960269F00A5A6D0 /* PBXTargetDependency */ = {
			isa = PBXTargetDependency;
			target = D2E16D642960269E00A5A6D0 /* Music Matcher */;
			targetProxy = D2E16D762960269F00A5A6D0 /* PBXContainerItemProxy */;
		};
		D2E16D812960269F00A5A6D0 /* PBXTargetDependency */ = {
			isa = PBXTargetDependency;
			target = D2E16D642960269E00A5A6D0 /* Music Matcher */;
			targetProxy = D2E16D802960269F00A5A6D0 /* PBXContainerItemProxy */;
		};
/* End PBXTargetDependency section */

/* Begin XCBuildConfiguration section */
		D2E16D872960269F00A5A6D0 /* Debug */ = {
			isa = XCBuildConfiguration;
			buildSettings = {
				ALWAYS_SEARCH_USER_PATHS = NO;
				ASSETCATALOG_COMPILER_GENERATE_SWIFT_ASSET_SYMBOL_EXTENSIONS = YES;
				CLANG_ANALYZER_NONNULL = YES;
				CLANG_ANALYZER_NUMBER_OBJECT_CONVERSION = YES_AGGRESSIVE;
				CLANG_CXX_LANGUAGE_STANDARD = "gnu++20";
				CLANG_ENABLE_MODULES = YES;
				CLANG_ENABLE_OBJC_ARC = YES;
				CLANG_ENABLE_OBJC_WEAK = YES;
				CLANG_WARN_BLOCK_CAPTURE_AUTORELEASING = YES;
				CLANG_WARN_BOOL_CONVERSION = YES;
				CLANG_WARN_COMMA = YES;
				CLANG_WARN_CONSTANT_CONVERSION = YES;
				CLANG_WARN_DEPRECATED_OBJC_IMPLEMENTATIONS = YES;
				CLANG_WARN_DIRECT_OBJC_ISA_USAGE = YES_ERROR;
				CLANG_WARN_DOCUMENTATION_COMMENTS = YES;
				CLANG_WARN_EMPTY_BODY = YES;
				CLANG_WARN_ENUM_CONVERSION = YES;
				CLANG_WARN_INFINITE_RECURSION = YES;
				CLANG_WARN_INT_CONVERSION = YES;
				CLANG_WARN_NON_LITERAL_NULL_CONVERSION = YES;
				CLANG_WARN_OBJC_IMPLICIT_RETAIN_SELF = YES;
				CLANG_WARN_OBJC_LITERAL_CONVERSION = YES;
				CLANG_WARN_OBJC_ROOT_CLASS = YES_ERROR;
				CLANG_WARN_QUOTED_INCLUDE_IN_FRAMEWORK_HEADER = YES;
				CLANG_WARN_RANGE_LOOP_ANALYSIS = YES;
				CLANG_WARN_STRICT_PROTOTYPES = YES;
				CLANG_WARN_SUSPICIOUS_MOVE = YES;
				CLANG_WARN_UNGUARDED_AVAILABILITY = YES_AGGRESSIVE;
				CLANG_WARN_UNREACHABLE_CODE = YES;
				CLANG_WARN__DUPLICATE_METHOD_MATCH = YES;
				COPY_PHASE_STRIP = NO;
				DEBUG_INFORMATION_FORMAT = dwarf;
				ENABLE_STRICT_OBJC_MSGSEND = YES;
				ENABLE_TESTABILITY = YES;
				ENABLE_USER_SCRIPT_SANDBOXING = YES;
				GCC_C_LANGUAGE_STANDARD = gnu11;
				GCC_DYNAMIC_NO_PIC = NO;
				GCC_NO_COMMON_BLOCKS = YES;
				GCC_OPTIMIZATION_LEVEL = 0;
				GCC_PREPROCESSOR_DEFINITIONS = (
					"DEBUG=1",
					"$(inherited)",
				);
				GCC_WARN_64_TO_32_BIT_CONVERSION = YES;
				GCC_WARN_ABOUT_RETURN_TYPE = YES_ERROR;
				GCC_WARN_UNDECLARED_SELECTOR = YES;
				GCC_WARN_UNINITIALIZED_AUTOS = YES_AGGRESSIVE;
				GCC_WARN_UNUSED_FUNCTION = YES;
				GCC_WARN_UNUSED_VARIABLE = YES;
				IPHONEOS_DEPLOYMENT_TARGET = 16.2;
				MTL_ENABLE_DEBUG_INFO = INCLUDE_SOURCE;
				MTL_FAST_MATH = YES;
				ONLY_ACTIVE_ARCH = YES;
				SDKROOT = iphoneos;
				SWIFT_ACTIVE_COMPILATION_CONDITIONS = DEBUG;
				SWIFT_OPTIMIZATION_LEVEL = "-Onone";
			};
			name = Debug;
		};
		D2E16D882960269F00A5A6D0 /* Release */ = {
			isa = XCBuildConfiguration;
			buildSettings = {
				ALWAYS_SEARCH_USER_PATHS = NO;
				ASSETCATALOG_COMPILER_GENERATE_SWIFT_ASSET_SYMBOL_EXTENSIONS = YES;
				CLANG_ANALYZER_NONNULL = YES;
				CLANG_ANALYZER_NUMBER_OBJECT_CONVERSION = YES_AGGRESSIVE;
				CLANG_CXX_LANGUAGE_STANDARD = "gnu++20";
				CLANG_ENABLE_MODULES = YES;
				CLANG_ENABLE_OBJC_ARC = YES;
				CLANG_ENABLE_OBJC_WEAK = YES;
				CLANG_WARN_BLOCK_CAPTURE_AUTORELEASING = YES;
				CLANG_WARN_BOOL_CONVERSION = YES;
				CLANG_WARN_COMMA = YES;
				CLANG_WARN_CONSTANT_CONVERSION = YES;
				CLANG_WARN_DEPRECATED_OBJC_IMPLEMENTATIONS = YES;
				CLANG_WARN_DIRECT_OBJC_ISA_USAGE = YES_ERROR;
				CLANG_WARN_DOCUMENTATION_COMMENTS = YES;
				CLANG_WARN_EMPTY_BODY = YES;
				CLANG_WARN_ENUM_CONVERSION = YES;
				CLANG_WARN_INFINITE_RECURSION = YES;
				CLANG_WARN_INT_CONVERSION = YES;
				CLANG_WARN_NON_LITERAL_NULL_CONVERSION = YES;
				CLANG_WARN_OBJC_IMPLICIT_RETAIN_SELF = YES;
				CLANG_WARN_OBJC_LITERAL_CONVERSION = YES;
				CLANG_WARN_OBJC_ROOT_CLASS = YES_ERROR;
				CLANG_WARN_QUOTED_INCLUDE_IN_FRAMEWORK_HEADER = YES;
				CLANG_WARN_RANGE_LOOP_ANALYSIS = YES;
				CLANG_WARN_STRICT_PROTOTYPES = YES;
				CLANG_WARN_SUSPICIOUS_MOVE = YES;
				CLANG_WARN_UNGUARDED_AVAILABILITY = YES_AGGRESSIVE;
				CLANG_WARN_UNREACHABLE_CODE = YES;
				CLANG_WARN__DUPLICATE_METHOD_MATCH = YES;
				COPY_PHASE_STRIP = NO;
				DEBUG_INFORMATION_FORMAT = "dwarf-with-dsym";
				ENABLE_NS_ASSERTIONS = NO;
				ENABLE_STRICT_OBJC_MSGSEND = YES;
				ENABLE_USER_SCRIPT_SANDBOXING = YES;
				GCC_C_LANGUAGE_STANDARD = gnu11;
				GCC_NO_COMMON_BLOCKS = YES;
				GCC_WARN_64_TO_32_BIT_CONVERSION = YES;
				GCC_WARN_ABOUT_RETURN_TYPE = YES_ERROR;
				GCC_WARN_UNDECLARED_SELECTOR = YES;
				GCC_WARN_UNINITIALIZED_AUTOS = YES_AGGRESSIVE;
				GCC_WARN_UNUSED_FUNCTION = YES;
				GCC_WARN_UNUSED_VARIABLE = YES;
				IPHONEOS_DEPLOYMENT_TARGET = 16.2;
				MTL_ENABLE_DEBUG_INFO = NO;
				MTL_FAST_MATH = YES;
				SDKROOT = iphoneos;
				SWIFT_COMPILATION_MODE = wholemodule;
				SWIFT_OPTIMIZATION_LEVEL = "-O";
				VALIDATE_PRODUCT = YES;
			};
			name = Release;
		};
		D2E16D8A2960269F00A5A6D0 /* Debug */ = {
			isa = XCBuildConfiguration;
			buildSettings = {
				ASSETCATALOG_COMPILER_APPICON_NAME = AppIcon;
				ASSETCATALOG_COMPILER_GLOBAL_ACCENT_COLOR_NAME = AccentColor;
				CODE_SIGN_STYLE = Automatic;
				CURRENT_PROJECT_VERSION = 1;
				DEVELOPMENT_ASSET_PATHS = "\"Music Matcher/Preview Content\"";
				DEVELOPMENT_TEAM = 5Y5WLA6579;
				ENABLE_PREVIEWS = YES;
				GENERATE_INFOPLIST_FILE = YES;
				INFOPLIST_FILE = "Music-Matcher-Info.plist";
				INFOPLIST_KEY_UIApplicationSceneManifest_Generation = YES;
				INFOPLIST_KEY_UIApplicationSupportsIndirectInputEvents = YES;
				INFOPLIST_KEY_UILaunchScreen_Generation = YES;
				INFOPLIST_KEY_UISupportedInterfaceOrientations_iPad = "UIInterfaceOrientationPortrait UIInterfaceOrientationPortraitUpsideDown UIInterfaceOrientationLandscapeLeft UIInterfaceOrientationLandscapeRight";
				INFOPLIST_KEY_UISupportedInterfaceOrientations_iPhone = "UIInterfaceOrientationPortrait UIInterfaceOrientationLandscapeLeft UIInterfaceOrientationLandscapeRight";
				IPHONEOS_DEPLOYMENT_TARGET = 17.0;
				LD_RUNPATH_SEARCH_PATHS = (
					"$(inherited)",
					"@executable_path/Frameworks",
				);
				MARKETING_VERSION = 1.0;
				PRODUCT_BUNDLE_IDENTIFIER = nicholes.prod.MusicMatcher;
				PRODUCT_NAME = "$(TARGET_NAME)";
				SWIFT_EMIT_LOC_STRINGS = YES;
				SWIFT_VERSION = 5.0;
				TARGETED_DEVICE_FAMILY = "1,2";
			};
			name = Debug;
		};
		D2E16D8B2960269F00A5A6D0 /* Release */ = {
			isa = XCBuildConfiguration;
			buildSettings = {
				ASSETCATALOG_COMPILER_APPICON_NAME = AppIcon;
				ASSETCATALOG_COMPILER_GLOBAL_ACCENT_COLOR_NAME = AccentColor;
				CODE_SIGN_STYLE = Automatic;
				CURRENT_PROJECT_VERSION = 1;
				DEVELOPMENT_ASSET_PATHS = "\"Music Matcher/Preview Content\"";
				DEVELOPMENT_TEAM = 5Y5WLA6579;
				ENABLE_PREVIEWS = YES;
				GENERATE_INFOPLIST_FILE = YES;
				INFOPLIST_FILE = "Music-Matcher-Info.plist";
				INFOPLIST_KEY_UIApplicationSceneManifest_Generation = YES;
				INFOPLIST_KEY_UIApplicationSupportsIndirectInputEvents = YES;
				INFOPLIST_KEY_UILaunchScreen_Generation = YES;
				INFOPLIST_KEY_UISupportedInterfaceOrientations_iPad = "UIInterfaceOrientationPortrait UIInterfaceOrientationPortraitUpsideDown UIInterfaceOrientationLandscapeLeft UIInterfaceOrientationLandscapeRight";
				INFOPLIST_KEY_UISupportedInterfaceOrientations_iPhone = "UIInterfaceOrientationPortrait UIInterfaceOrientationLandscapeLeft UIInterfaceOrientationLandscapeRight";
				IPHONEOS_DEPLOYMENT_TARGET = 17.0;
				LD_RUNPATH_SEARCH_PATHS = (
					"$(inherited)",
					"@executable_path/Frameworks",
				);
				MARKETING_VERSION = 1.0;
				PRODUCT_BUNDLE_IDENTIFIER = nicholes.prod.MusicMatcher;
				PRODUCT_NAME = "$(TARGET_NAME)";
				SWIFT_EMIT_LOC_STRINGS = YES;
				SWIFT_VERSION = 5.0;
				TARGETED_DEVICE_FAMILY = "1,2";
			};
			name = Release;
		};
		D2E16D8D2960269F00A5A6D0 /* Debug */ = {
			isa = XCBuildConfiguration;
			buildSettings = {
				ALWAYS_EMBED_SWIFT_STANDARD_LIBRARIES = YES;
				BUNDLE_LOADER = "$(TEST_HOST)";
				CODE_SIGN_STYLE = Automatic;
				CURRENT_PROJECT_VERSION = 1;
				DEVELOPMENT_TEAM = ZULRH345LL;
				GENERATE_INFOPLIST_FILE = YES;
				IPHONEOS_DEPLOYMENT_TARGET = 16.2;
				MARKETING_VERSION = 1.0;
				PRODUCT_BUNDLE_IDENTIFIER = "nicholes.prod.Music-MatcherTests";
				PRODUCT_NAME = "$(TARGET_NAME)";
				SWIFT_EMIT_LOC_STRINGS = NO;
				SWIFT_VERSION = 5.0;
				TARGETED_DEVICE_FAMILY = "1,2";
				TEST_HOST = "$(BUILT_PRODUCTS_DIR)/Music Matcher.app/$(BUNDLE_EXECUTABLE_FOLDER_PATH)/Music Matcher";
			};
			name = Debug;
		};
		D2E16D8E2960269F00A5A6D0 /* Release */ = {
			isa = XCBuildConfiguration;
			buildSettings = {
				ALWAYS_EMBED_SWIFT_STANDARD_LIBRARIES = YES;
				BUNDLE_LOADER = "$(TEST_HOST)";
				CODE_SIGN_STYLE = Automatic;
				CURRENT_PROJECT_VERSION = 1;
				DEVELOPMENT_TEAM = ZULRH345LL;
				GENERATE_INFOPLIST_FILE = YES;
				IPHONEOS_DEPLOYMENT_TARGET = 16.2;
				MARKETING_VERSION = 1.0;
				PRODUCT_BUNDLE_IDENTIFIER = "nicholes.prod.Music-MatcherTests";
				PRODUCT_NAME = "$(TARGET_NAME)";
				SWIFT_EMIT_LOC_STRINGS = NO;
				SWIFT_VERSION = 5.0;
				TARGETED_DEVICE_FAMILY = "1,2";
				TEST_HOST = "$(BUILT_PRODUCTS_DIR)/Music Matcher.app/$(BUNDLE_EXECUTABLE_FOLDER_PATH)/Music Matcher";
			};
			name = Release;
		};
		D2E16D902960269F00A5A6D0 /* Debug */ = {
			isa = XCBuildConfiguration;
			buildSettings = {
				ALWAYS_EMBED_SWIFT_STANDARD_LIBRARIES = YES;
				CODE_SIGN_STYLE = Automatic;
				CURRENT_PROJECT_VERSION = 1;
				DEVELOPMENT_TEAM = ZULRH345LL;
				GENERATE_INFOPLIST_FILE = YES;
				MARKETING_VERSION = 1.0;
				PRODUCT_BUNDLE_IDENTIFIER = "nicholes.prod.Music-MatcherUITests";
				PRODUCT_NAME = "$(TARGET_NAME)";
				SWIFT_EMIT_LOC_STRINGS = NO;
				SWIFT_VERSION = 5.0;
				TARGETED_DEVICE_FAMILY = "1,2";
				TEST_TARGET_NAME = "Music Matcher";
			};
			name = Debug;
		};
		D2E16D912960269F00A5A6D0 /* Release */ = {
			isa = XCBuildConfiguration;
			buildSettings = {
				ALWAYS_EMBED_SWIFT_STANDARD_LIBRARIES = YES;
				CODE_SIGN_STYLE = Automatic;
				CURRENT_PROJECT_VERSION = 1;
				DEVELOPMENT_TEAM = ZULRH345LL;
				GENERATE_INFOPLIST_FILE = YES;
				MARKETING_VERSION = 1.0;
				PRODUCT_BUNDLE_IDENTIFIER = "nicholes.prod.Music-MatcherUITests";
				PRODUCT_NAME = "$(TARGET_NAME)";
				SWIFT_EMIT_LOC_STRINGS = NO;
				SWIFT_VERSION = 5.0;
				TARGETED_DEVICE_FAMILY = "1,2";
				TEST_TARGET_NAME = "Music Matcher";
			};
			name = Release;
		};
/* End XCBuildConfiguration section */

/* Begin XCConfigurationList section */
		D2E16D602960269E00A5A6D0 /* Build configuration list for PBXProject "Music Matcher" */ = {
			isa = XCConfigurationList;
			buildConfigurations = (
				D2E16D872960269F00A5A6D0 /* Debug */,
				D2E16D882960269F00A5A6D0 /* Release */,
			);
			defaultConfigurationIsVisible = 0;
			defaultConfigurationName = Release;
		};
		D2E16D892960269F00A5A6D0 /* Build configuration list for PBXNativeTarget "Music Matcher" */ = {
			isa = XCConfigurationList;
			buildConfigurations = (
				D2E16D8A2960269F00A5A6D0 /* Debug */,
				D2E16D8B2960269F00A5A6D0 /* Release */,
			);
			defaultConfigurationIsVisible = 0;
			defaultConfigurationName = Release;
		};
		D2E16D8C2960269F00A5A6D0 /* Build configuration list for PBXNativeTarget "Music MatcherTests" */ = {
			isa = XCConfigurationList;
			buildConfigurations = (
				D2E16D8D2960269F00A5A6D0 /* Debug */,
				D2E16D8E2960269F00A5A6D0 /* Release */,
			);
			defaultConfigurationIsVisible = 0;
			defaultConfigurationName = Release;
		};
		D2E16D8F2960269F00A5A6D0 /* Build configuration list for PBXNativeTarget "Music MatcherUITests" */ = {
			isa = XCConfigurationList;
			buildConfigurations = (
				D2E16D902960269F00A5A6D0 /* Debug */,
				D2E16D912960269F00A5A6D0 /* Release */,
			);
			defaultConfigurationIsVisible = 0;
			defaultConfigurationName = Release;
		};
/* End XCConfigurationList section */
	};
	rootObject = D2E16D5D2960269E00A5A6D0 /* Project object */;
}
